
Microsoft Visual Studio Solution File, Format Version 12.00
# Visual Studio Version 16
VisualStudioVersion = 16.0.29201.188
MinimumVisualStudioVersion = 10.0.40219.1
Project("{9A19103F-16F7-4668-BE54-9A1E7A4F7556}") = "MyVet.Web", "MyVet.Web\MyVet.Web.csproj", "{9D6F55A7-C352-4E5C-8849-9CA40105D661}"
EndProject
Project("{9A19103F-16F7-4668-BE54-9A1E7A4F7556}") = "MyVet.Common", "MyVet.Common\MyVet.Common.csproj", "{983BC041-9EF2-4EC2-B5EE-8903EA66CF05}"
EndProject
Project("{FAE04EC0-301F-11D3-BF4B-00C04F79EFBC}") = "MyVet.Prism", "MyVet.Prism\MyVet.Prism\MyVet.Prism.csproj", "{FDEBDED4-1DF4-47E7-88DC-3218B6681164}"
EndProject
Project("{FAE04EC0-301F-11D3-BF4B-00C04F79EFBC}") = "MyVet.Prism.Android", "MyVet.Prism\MyVet.Prism.Android\MyVet.Prism.Android.csproj", "{9FBAE1F0-5581-44AC-AECE-0301F82A1432}"
EndProject
Project("{FAE04EC0-301F-11D3-BF4B-00C04F79EFBC}") = "MyVet.Prism.iOS", "MyVet.Prism\MyVet.Prism.iOS\MyVet.Prism.iOS.csproj", "{FAF3E7A9-D3C8-48A3-95B6-3FB663EE5318}"
EndProject
Project("{FAE04EC0-301F-11D3-BF4B-00C04F79EFBC}") = "MyVet.Prism.UWP", "MyVet.Prism\MyVet.Prism.UWP\MyVet.Prism.UWP.csproj", "{953E883A-0D06-4C11-BED9-735D87D3B087}"
EndProject
Global
	GlobalSection(SolutionConfigurationPlatforms) = preSolution
		Ad-Hoc|Any CPU = Ad-Hoc|Any CPU
		Ad-Hoc|ARM = Ad-Hoc|ARM
		Ad-Hoc|iPhone = Ad-Hoc|iPhone
		Ad-Hoc|iPhoneSimulator = Ad-Hoc|iPhoneSimulator
		Ad-Hoc|x64 = Ad-Hoc|x64
		Ad-Hoc|x86 = Ad-Hoc|x86
		AppStore|Any CPU = AppStore|Any CPU
		AppStore|ARM = AppStore|ARM
		AppStore|iPhone = AppStore|iPhone
		AppStore|iPhoneSimulator = AppStore|iPhoneSimulator
		AppStore|x64 = AppStore|x64
		AppStore|x86 = AppStore|x86
		Debug|Any CPU = Debug|Any CPU
		Debug|ARM = Debug|ARM
		Debug|iPhone = Debug|iPhone
		Debug|iPhoneSimulator = Debug|iPhoneSimulator
		Debug|x64 = Debug|x64
		Debug|x86 = Debug|x86
		Release|Any CPU = Release|Any CPU
		Release|ARM = Release|ARM
		Release|iPhone = Release|iPhone
		Release|iPhoneSimulator = Release|iPhoneSimulator
		Release|x64 = Release|x64
		Release|x86 = Release|x86
	EndGlobalSection
	GlobalSection(ProjectConfigurationPlatforms) = postSolution
		{9D6F55A7-C352-4E5C-8849-9CA40105D661}.Ad-Hoc|Any CPU.ActiveCfg = Release|Any CPU
		{9D6F55A7-C352-4E5C-8849-9CA40105D661}.Ad-Hoc|Any CPU.Build.0 = Release|Any CPU
		{9D6F55A7-C352-4E5C-8849-9CA40105D661}.Ad-Hoc|ARM.ActiveCfg = Release|Any CPU
		{9D6F55A7-C352-4E5C-8849-9CA40105D661}.Ad-Hoc|ARM.Build.0 = Release|Any CPU
		{9D6F55A7-C352-4E5C-8849-9CA40105D661}.Ad-Hoc|iPhone.ActiveCfg = Release|Any CPU
		{9D6F55A7-C352-4E5C-8849-9CA40105D661}.Ad-Hoc|iPhone.Build.0 = Release|Any CPU
		{9D6F55A7-C352-4E5C-8849-9CA40105D661}.Ad-Hoc|iPhoneSimulator.ActiveCfg = Release|Any CPU
		{9D6F55A7-C352-4E5C-8849-9CA40105D661}.Ad-Hoc|iPhoneSimulator.Build.0 = Release|Any CPU
		{9D6F55A7-C352-4E5C-8849-9CA40105D661}.Ad-Hoc|x64.ActiveCfg = Release|Any CPU
		{9D6F55A7-C352-4E5C-8849-9CA40105D661}.Ad-Hoc|x64.Build.0 = Release|Any CPU
		{9D6F55A7-C352-4E5C-8849-9CA40105D661}.Ad-Hoc|x86.ActiveCfg = Release|Any CPU
		{9D6F55A7-C352-4E5C-8849-9CA40105D661}.Ad-Hoc|x86.Build.0 = Release|Any CPU
		{9D6F55A7-C352-4E5C-8849-9CA40105D661}.AppStore|Any CPU.ActiveCfg = Release|Any CPU
		{9D6F55A7-C352-4E5C-8849-9CA40105D661}.AppStore|Any CPU.Build.0 = Release|Any CPU
		{9D6F55A7-C352-4E5C-8849-9CA40105D661}.AppStore|ARM.ActiveCfg = Release|Any CPU
		{9D6F55A7-C352-4E5C-8849-9CA40105D661}.AppStore|ARM.Build.0 = Release|Any CPU
		{9D6F55A7-C352-4E5C-8849-9CA40105D661}.AppStore|iPhone.ActiveCfg = Release|Any CPU
		{9D6F55A7-C352-4E5C-8849-9CA40105D661}.AppStore|iPhone.Build.0 = Release|Any CPU
		{9D6F55A7-C352-4E5C-8849-9CA40105D661}.AppStore|iPhoneSimulator.ActiveCfg = Release|Any CPU
		{9D6F55A7-C352-4E5C-8849-9CA40105D661}.AppStore|iPhoneSimulator.Build.0 = Release|Any CPU
		{9D6F55A7-C352-4E5C-8849-9CA40105D661}.AppStore|x64.ActiveCfg = Release|Any CPU
		{9D6F55A7-C352-4E5C-8849-9CA40105D661}.AppStore|x64.Build.0 = Release|Any CPU
		{9D6F55A7-C352-4E5C-8849-9CA40105D661}.AppStore|x86.ActiveCfg = Release|Any CPU
		{9D6F55A7-C352-4E5C-8849-9CA40105D661}.AppStore|x86.Build.0 = Release|Any CPU
		{9D6F55A7-C352-4E5C-8849-9CA40105D661}.Debug|Any CPU.ActiveCfg = Debug|Any CPU
		{9D6F55A7-C352-4E5C-8849-9CA40105D661}.Debug|Any CPU.Build.0 = Debug|Any CPU
		{9D6F55A7-C352-4E5C-8849-9CA40105D661}.Debug|ARM.ActiveCfg = Debug|Any CPU
		{9D6F55A7-C352-4E5C-8849-9CA40105D661}.Debug|ARM.Build.0 = Debug|Any CPU
		{9D6F55A7-C352-4E5C-8849-9CA40105D661}.Debug|iPhone.ActiveCfg = Debug|Any CPU
		{9D6F55A7-C352-4E5C-8849-9CA40105D661}.Debug|iPhone.Build.0 = Debug|Any CPU
		{9D6F55A7-C352-4E5C-8849-9CA40105D661}.Debug|iPhoneSimulator.ActiveCfg = Debug|Any CPU
		{9D6F55A7-C352-4E5C-8849-9CA40105D661}.Debug|iPhoneSimulator.Build.0 = Debug|Any CPU
		{9D6F55A7-C352-4E5C-8849-9CA40105D661}.Debug|x64.ActiveCfg = Debug|Any CPU
		{9D6F55A7-C352-4E5C-8849-9CA40105D661}.Debug|x64.Build.0 = Debug|Any CPU
		{9D6F55A7-C352-4E5C-8849-9CA40105D661}.Debug|x86.ActiveCfg = Debug|Any CPU
		{9D6F55A7-C352-4E5C-8849-9CA40105D661}.Debug|x86.Build.0 = Debug|Any CPU
		{9D6F55A7-C352-4E5C-8849-9CA40105D661}.Release|Any CPU.ActiveCfg = Release|Any CPU
		{9D6F55A7-C352-4E5C-8849-9CA40105D661}.Release|Any CPU.Build.0 = Release|Any CPU
		{9D6F55A7-C352-4E5C-8849-9CA40105D661}.Release|ARM.ActiveCfg = Release|Any CPU
		{9D6F55A7-C352-4E5C-8849-9CA40105D661}.Release|ARM.Build.0 = Release|Any CPU
		{9D6F55A7-C352-4E5C-8849-9CA40105D661}.Release|iPhone.ActiveCfg = Release|Any CPU
		{9D6F55A7-C352-4E5C-8849-9CA40105D661}.Release|iPhone.Build.0 = Release|Any CPU
		{9D6F55A7-C352-4E5C-8849-9CA40105D661}.Release|iPhoneSimulator.ActiveCfg = Release|Any CPU
		{9D6F55A7-C352-4E5C-8849-9CA40105D661}.Release|iPhoneSimulator.Build.0 = Release|Any CPU
		{9D6F55A7-C352-4E5C-8849-9CA40105D661}.Release|x64.ActiveCfg = Release|Any CPU
		{9D6F55A7-C352-4E5C-8849-9CA40105D661}.Release|x64.Build.0 = Release|Any CPU
		{9D6F55A7-C352-4E5C-8849-9CA40105D661}.Release|x86.ActiveCfg = Release|Any CPU
		{9D6F55A7-C352-4E5C-8849-9CA40105D661}.Release|x86.Build.0 = Release|Any CPU
		{983BC041-9EF2-4EC2-B5EE-8903EA66CF05}.Ad-Hoc|Any CPU.ActiveCfg = Release|Any CPU
		{983BC041-9EF2-4EC2-B5EE-8903EA66CF05}.Ad-Hoc|Any CPU.Build.0 = Release|Any CPU
		{983BC041-9EF2-4EC2-B5EE-8903EA66CF05}.Ad-Hoc|ARM.ActiveCfg = Release|Any CPU
		{983BC041-9EF2-4EC2-B5EE-8903EA66CF05}.Ad-Hoc|ARM.Build.0 = Release|Any CPU
		{983BC041-9EF2-4EC2-B5EE-8903EA66CF05}.Ad-Hoc|iPhone.ActiveCfg = Release|Any CPU
		{983BC041-9EF2-4EC2-B5EE-8903EA66CF05}.Ad-Hoc|iPhone.Build.0 = Release|Any CPU
		{983BC041-9EF2-4EC2-B5EE-8903EA66CF05}.Ad-Hoc|iPhoneSimulator.ActiveCfg = Release|Any CPU
		{983BC041-9EF2-4EC2-B5EE-8903EA66CF05}.Ad-Hoc|iPhoneSimulator.Build.0 = Release|Any CPU
		{983BC041-9EF2-4EC2-B5EE-8903EA66CF05}.Ad-Hoc|x64.ActiveCfg = Release|Any CPU
		{983BC041-9EF2-4EC2-B5EE-8903EA66CF05}.Ad-Hoc|x64.Build.0 = Release|Any CPU
		{983BC041-9EF2-4EC2-B5EE-8903EA66CF05}.Ad-Hoc|x86.ActiveCfg = Release|Any CPU
		{983BC041-9EF2-4EC2-B5EE-8903EA66CF05}.Ad-Hoc|x86.Build.0 = Release|Any CPU
		{983BC041-9EF2-4EC2-B5EE-8903EA66CF05}.AppStore|Any CPU.ActiveCfg = Release|Any CPU
		{983BC041-9EF2-4EC2-B5EE-8903EA66CF05}.AppStore|Any CPU.Build.0 = Release|Any CPU
		{983BC041-9EF2-4EC2-B5EE-8903EA66CF05}.AppStore|ARM.ActiveCfg = Release|Any CPU
		{983BC041-9EF2-4EC2-B5EE-8903EA66CF05}.AppStore|ARM.Build.0 = Release|Any CPU
		{983BC041-9EF2-4EC2-B5EE-8903EA66CF05}.AppStore|iPhone.ActiveCfg = Release|Any CPU
		{983BC041-9EF2-4EC2-B5EE-8903EA66CF05}.AppStore|iPhone.Build.0 = Release|Any CPU
		{983BC041-9EF2-4EC2-B5EE-8903EA66CF05}.AppStore|iPhoneSimulator.ActiveCfg = Release|Any CPU
		{983BC041-9EF2-4EC2-B5EE-8903EA66CF05}.AppStore|iPhoneSimulator.Build.0 = Release|Any CPU
		{983BC041-9EF2-4EC2-B5EE-8903EA66CF05}.AppStore|x64.ActiveCfg = Release|Any CPU
		{983BC041-9EF2-4EC2-B5EE-8903EA66CF05}.AppStore|x64.Build.0 = Release|Any CPU
		{983BC041-9EF2-4EC2-B5EE-8903EA66CF05}.AppStore|x86.ActiveCfg = Release|Any CPU
		{983BC041-9EF2-4EC2-B5EE-8903EA66CF05}.AppStore|x86.Build.0 = Release|Any CPU
		{983BC041-9EF2-4EC2-B5EE-8903EA66CF05}.Debug|Any CPU.ActiveCfg = Debug|Any CPU
		{983BC041-9EF2-4EC2-B5EE-8903EA66CF05}.Debug|Any CPU.Build.0 = Debug|Any CPU
		{983BC041-9EF2-4EC2-B5EE-8903EA66CF05}.Debug|ARM.ActiveCfg = Debug|Any CPU
		{983BC041-9EF2-4EC2-B5EE-8903EA66CF05}.Debug|ARM.Build.0 = Debug|Any CPU
		{983BC041-9EF2-4EC2-B5EE-8903EA66CF05}.Debug|iPhone.ActiveCfg = Debug|Any CPU
		{983BC041-9EF2-4EC2-B5EE-8903EA66CF05}.Debug|iPhone.Build.0 = Debug|Any CPU
		{983BC041-9EF2-4EC2-B5EE-8903EA66CF05}.Debug|iPhoneSimulator.ActiveCfg = Debug|Any CPU
		{983BC041-9EF2-4EC2-B5EE-8903EA66CF05}.Debug|iPhoneSimulator.Build.0 = Debug|Any CPU
		{983BC041-9EF2-4EC2-B5EE-8903EA66CF05}.Debug|x64.ActiveCfg = Debug|Any CPU
		{983BC041-9EF2-4EC2-B5EE-8903EA66CF05}.Debug|x64.Build.0 = Debug|Any CPU
		{983BC041-9EF2-4EC2-B5EE-8903EA66CF05}.Debug|x86.ActiveCfg = Debug|Any CPU
		{983BC041-9EF2-4EC2-B5EE-8903EA66CF05}.Debug|x86.Build.0 = Debug|Any CPU
		{983BC041-9EF2-4EC2-B5EE-8903EA66CF05}.Release|Any CPU.ActiveCfg = Release|Any CPU
		{983BC041-9EF2-4EC2-B5EE-8903EA66CF05}.Release|Any CPU.Build.0 = Release|Any CPU
		{983BC041-9EF2-4EC2-B5EE-8903EA66CF05}.Release|ARM.ActiveCfg = Release|Any CPU
		{983BC041-9EF2-4EC2-B5EE-8903EA66CF05}.Release|ARM.Build.0 = Release|Any CPU
		{983BC041-9EF2-4EC2-B5EE-8903EA66CF05}.Release|iPhone.ActiveCfg = Release|Any CPU
		{983BC041-9EF2-4EC2-B5EE-8903EA66CF05}.Release|iPhone.Build.0 = Release|Any CPU
		{983BC041-9EF2-4EC2-B5EE-8903EA66CF05}.Release|iPhoneSimulator.ActiveCfg = Release|Any CPU
		{983BC041-9EF2-4EC2-B5EE-8903EA66CF05}.Release|iPhoneSimulator.Build.0 = Release|Any CPU
		{983BC041-9EF2-4EC2-B5EE-8903EA66CF05}.Release|x64.ActiveCfg = Release|Any CPU
		{983BC041-9EF2-4EC2-B5EE-8903EA66CF05}.Release|x64.Build.0 = Release|Any CPU
		{983BC041-9EF2-4EC2-B5EE-8903EA66CF05}.Release|x86.ActiveCfg = Release|Any CPU
		{983BC041-9EF2-4EC2-B5EE-8903EA66CF05}.Release|x86.Build.0 = Release|Any CPU
		{FDEBDED4-1DF4-47E7-88DC-3218B6681164}.Ad-Hoc|Any CPU.ActiveCfg = Debug|Any CPU
		{FDEBDED4-1DF4-47E7-88DC-3218B6681164}.Ad-Hoc|Any CPU.Build.0 = Debug|Any CPU
		{FDEBDED4-1DF4-47E7-88DC-3218B6681164}.Ad-Hoc|ARM.ActiveCfg = Debug|Any CPU
		{FDEBDED4-1DF4-47E7-88DC-3218B6681164}.Ad-Hoc|ARM.Build.0 = Debug|Any CPU
		{FDEBDED4-1DF4-47E7-88DC-3218B6681164}.Ad-Hoc|iPhone.ActiveCfg = Debug|Any CPU
		{FDEBDED4-1DF4-47E7-88DC-3218B6681164}.Ad-Hoc|iPhone.Build.0 = Debug|Any CPU
		{FDEBDED4-1DF4-47E7-88DC-3218B6681164}.Ad-Hoc|iPhoneSimulator.ActiveCfg = Debug|Any CPU
		{FDEBDED4-1DF4-47E7-88DC-3218B6681164}.Ad-Hoc|iPhoneSimulator.Build.0 = Debug|Any CPU
		{FDEBDED4-1DF4-47E7-88DC-3218B6681164}.Ad-Hoc|x64.ActiveCfg = Debug|Any CPU
		{FDEBDED4-1DF4-47E7-88DC-3218B6681164}.Ad-Hoc|x64.Build.0 = Debug|Any CPU
		{FDEBDED4-1DF4-47E7-88DC-3218B6681164}.Ad-Hoc|x86.ActiveCfg = Debug|Any CPU
		{FDEBDED4-1DF4-47E7-88DC-3218B6681164}.Ad-Hoc|x86.Build.0 = Debug|Any CPU
		{FDEBDED4-1DF4-47E7-88DC-3218B6681164}.AppStore|Any CPU.ActiveCfg = Debug|Any CPU
		{FDEBDED4-1DF4-47E7-88DC-3218B6681164}.AppStore|Any CPU.Build.0 = Debug|Any CPU
		{FDEBDED4-1DF4-47E7-88DC-3218B6681164}.AppStore|ARM.ActiveCfg = Debug|Any CPU
		{FDEBDED4-1DF4-47E7-88DC-3218B6681164}.AppStore|ARM.Build.0 = Debug|Any CPU
		{FDEBDED4-1DF4-47E7-88DC-3218B6681164}.AppStore|iPhone.ActiveCfg = Debug|Any CPU
		{FDEBDED4-1DF4-47E7-88DC-3218B6681164}.AppStore|iPhone.Build.0 = Debug|Any CPU
		{FDEBDED4-1DF4-47E7-88DC-3218B6681164}.AppStore|iPhoneSimulator.ActiveCfg = Debug|Any CPU
		{FDEBDED4-1DF4-47E7-88DC-3218B6681164}.AppStore|iPhoneSimulator.Build.0 = Debug|Any CPU
		{FDEBDED4-1DF4-47E7-88DC-3218B6681164}.AppStore|x64.ActiveCfg = Debug|Any CPU
		{FDEBDED4-1DF4-47E7-88DC-3218B6681164}.AppStore|x64.Build.0 = Debug|Any CPU
		{FDEBDED4-1DF4-47E7-88DC-3218B6681164}.AppStore|x86.ActiveCfg = Debug|Any CPU
		{FDEBDED4-1DF4-47E7-88DC-3218B6681164}.AppStore|x86.Build.0 = Debug|Any CPU
		{FDEBDED4-1DF4-47E7-88DC-3218B6681164}.Debug|Any CPU.ActiveCfg = Debug|Any CPU
		{FDEBDED4-1DF4-47E7-88DC-3218B6681164}.Debug|Any CPU.Build.0 = Debug|Any CPU
		{FDEBDED4-1DF4-47E7-88DC-3218B6681164}.Debug|ARM.ActiveCfg = Debug|Any CPU
		{FDEBDED4-1DF4-47E7-88DC-3218B6681164}.Debug|ARM.Build.0 = Debug|Any CPU
		{FDEBDED4-1DF4-47E7-88DC-3218B6681164}.Debug|iPhone.ActiveCfg = Debug|Any CPU
		{FDEBDED4-1DF4-47E7-88DC-3218B6681164}.Debug|iPhone.Build.0 = Debug|Any CPU
		{FDEBDED4-1DF4-47E7-88DC-3218B6681164}.Debug|iPhoneSimulator.ActiveCfg = Debug|Any CPU
		{FDEBDED4-1DF4-47E7-88DC-3218B6681164}.Debug|iPhoneSimulator.Build.0 = Debug|Any CPU
		{FDEBDED4-1DF4-47E7-88DC-3218B6681164}.Debug|x64.ActiveCfg = Debug|Any CPU
		{FDEBDED4-1DF4-47E7-88DC-3218B6681164}.Debug|x64.Build.0 = Debug|Any CPU
		{FDEBDED4-1DF4-47E7-88DC-3218B6681164}.Debug|x86.ActiveCfg = Debug|Any CPU
		{FDEBDED4-1DF4-47E7-88DC-3218B6681164}.Debug|x86.Build.0 = Debug|Any CPU
		{FDEBDED4-1DF4-47E7-88DC-3218B6681164}.Release|Any CPU.ActiveCfg = Release|Any CPU
		{FDEBDED4-1DF4-47E7-88DC-3218B6681164}.Release|Any CPU.Build.0 = Release|Any CPU
		{FDEBDED4-1DF4-47E7-88DC-3218B6681164}.Release|ARM.ActiveCfg = Release|Any CPU
		{FDEBDED4-1DF4-47E7-88DC-3218B6681164}.Release|ARM.Build.0 = Release|Any CPU
		{FDEBDED4-1DF4-47E7-88DC-3218B6681164}.Release|iPhone.ActiveCfg = Release|Any CPU
		{FDEBDED4-1DF4-47E7-88DC-3218B6681164}.Release|iPhone.Build.0 = Release|Any CPU
		{FDEBDED4-1DF4-47E7-88DC-3218B6681164}.Release|iPhoneSimulator.ActiveCfg = Release|Any CPU
		{FDEBDED4-1DF4-47E7-88DC-3218B6681164}.Release|iPhoneSimulator.Build.0 = Release|Any CPU
		{FDEBDED4-1DF4-47E7-88DC-3218B6681164}.Release|x64.ActiveCfg = Release|Any CPU
		{FDEBDED4-1DF4-47E7-88DC-3218B6681164}.Release|x64.Build.0 = Release|Any CPU
		{FDEBDED4-1DF4-47E7-88DC-3218B6681164}.Release|x86.ActiveCfg = Release|Any CPU
		{FDEBDED4-1DF4-47E7-88DC-3218B6681164}.Release|x86.Build.0 = Release|Any CPU
		{9FBAE1F0-5581-44AC-AECE-0301F82A1432}.Ad-Hoc|Any CPU.ActiveCfg = Release|Any CPU
		{9FBAE1F0-5581-44AC-AECE-0301F82A1432}.Ad-Hoc|Any CPU.Build.0 = Release|Any CPU
		{9FBAE1F0-5581-44AC-AECE-0301F82A1432}.Ad-Hoc|Any CPU.Deploy.0 = Release|Any CPU
		{9FBAE1F0-5581-44AC-AECE-0301F82A1432}.Ad-Hoc|ARM.ActiveCfg = Release|Any CPU
		{9FBAE1F0-5581-44AC-AECE-0301F82A1432}.Ad-Hoc|ARM.Build.0 = Release|Any CPU
		{9FBAE1F0-5581-44AC-AECE-0301F82A1432}.Ad-Hoc|ARM.Deploy.0 = Release|Any CPU
		{9FBAE1F0-5581-44AC-AECE-0301F82A1432}.Ad-Hoc|iPhone.ActiveCfg = Release|Any CPU
		{9FBAE1F0-5581-44AC-AECE-0301F82A1432}.Ad-Hoc|iPhone.Build.0 = Release|Any CPU
		{9FBAE1F0-5581-44AC-AECE-0301F82A1432}.Ad-Hoc|iPhone.Deploy.0 = Release|Any CPU
		{9FBAE1F0-5581-44AC-AECE-0301F82A1432}.Ad-Hoc|iPhoneSimulator.ActiveCfg = Release|Any CPU
		{9FBAE1F0-5581-44AC-AECE-0301F82A1432}.Ad-Hoc|iPhoneSimulator.Build.0 = Release|Any CPU
		{9FBAE1F0-5581-44AC-AECE-0301F82A1432}.Ad-Hoc|iPhoneSimulator.Deploy.0 = Release|Any CPU
		{9FBAE1F0-5581-44AC-AECE-0301F82A1432}.Ad-Hoc|x64.ActiveCfg = Release|Any CPU
		{9FBAE1F0-5581-44AC-AECE-0301F82A1432}.Ad-Hoc|x64.Build.0 = Release|Any CPU
		{9FBAE1F0-5581-44AC-AECE-0301F82A1432}.Ad-Hoc|x64.Deploy.0 = Release|Any CPU
		{9FBAE1F0-5581-44AC-AECE-0301F82A1432}.Ad-Hoc|x86.ActiveCfg = Release|Any CPU
		{9FBAE1F0-5581-44AC-AECE-0301F82A1432}.Ad-Hoc|x86.Build.0 = Release|Any CPU
		{9FBAE1F0-5581-44AC-AECE-0301F82A1432}.Ad-Hoc|x86.Deploy.0 = Release|Any CPU
		{9FBAE1F0-5581-44AC-AECE-0301F82A1432}.AppStore|Any CPU.ActiveCfg = Release|Any CPU
		{9FBAE1F0-5581-44AC-AECE-0301F82A1432}.AppStore|Any CPU.Build.0 = Release|Any CPU
		{9FBAE1F0-5581-44AC-AECE-0301F82A1432}.AppStore|Any CPU.Deploy.0 = Release|Any CPU
		{9FBAE1F0-5581-44AC-AECE-0301F82A1432}.AppStore|ARM.ActiveCfg = Release|Any CPU
		{9FBAE1F0-5581-44AC-AECE-0301F82A1432}.AppStore|ARM.Build.0 = Release|Any CPU
		{9FBAE1F0-5581-44AC-AECE-0301F82A1432}.AppStore|ARM.Deploy.0 = Release|Any CPU
		{9FBAE1F0-5581-44AC-AECE-0301F82A1432}.AppStore|iPhone.ActiveCfg = Release|Any CPU
		{9FBAE1F0-5581-44AC-AECE-0301F82A1432}.AppStore|iPhone.Build.0 = Release|Any CPU
		{9FBAE1F0-5581-44AC-AECE-0301F82A1432}.AppStore|iPhone.Deploy.0 = Release|Any CPU
		{9FBAE1F0-5581-44AC-AECE-0301F82A1432}.AppStore|iPhoneSimulator.ActiveCfg = Release|Any CPU
		{9FBAE1F0-5581-44AC-AECE-0301F82A1432}.AppStore|iPhoneSimulator.Build.0 = Release|Any CPU
		{9FBAE1F0-5581-44AC-AECE-0301F82A1432}.AppStore|iPhoneSimulator.Deploy.0 = Release|Any CPU
		{9FBAE1F0-5581-44AC-AECE-0301F82A1432}.AppStore|x64.ActiveCfg = Release|Any CPU
		{9FBAE1F0-5581-44AC-AECE-0301F82A1432}.AppStore|x64.Build.0 = Release|Any CPU
		{9FBAE1F0-5581-44AC-AECE-0301F82A1432}.AppStore|x64.Deploy.0 = Release|Any CPU
		{9FBAE1F0-5581-44AC-AECE-0301F82A1432}.AppStore|x86.ActiveCfg = Release|Any CPU
		{9FBAE1F0-5581-44AC-AECE-0301F82A1432}.AppStore|x86.Build.0 = Release|Any CPU
		{9FBAE1F0-5581-44AC-AECE-0301F82A1432}.AppStore|x86.Deploy.0 = Release|Any CPU
		{9FBAE1F0-5581-44AC-AECE-0301F82A1432}.Debug|Any CPU.ActiveCfg = Debug|Any CPU
		{9FBAE1F0-5581-44AC-AECE-0301F82A1432}.Debug|Any CPU.Build.0 = Debug|Any CPU
		{9FBAE1F0-5581-44AC-AECE-0301F82A1432}.Debug|Any CPU.Deploy.0 = Debug|Any CPU
		{9FBAE1F0-5581-44AC-AECE-0301F82A1432}.Debug|ARM.ActiveCfg = Debug|Any CPU
		{9FBAE1F0-5581-44AC-AECE-0301F82A1432}.Debug|ARM.Build.0 = Debug|Any CPU
		{9FBAE1F0-5581-44AC-AECE-0301F82A1432}.Debug|ARM.Deploy.0 = Debug|Any CPU
		{9FBAE1F0-5581-44AC-AECE-0301F82A1432}.Debug|iPhone.ActiveCfg = Debug|Any CPU
		{9FBAE1F0-5581-44AC-AECE-0301F82A1432}.Debug|iPhone.Build.0 = Debug|Any CPU
		{9FBAE1F0-5581-44AC-AECE-0301F82A1432}.Debug|iPhone.Deploy.0 = Debug|Any CPU
		{9FBAE1F0-5581-44AC-AECE-0301F82A1432}.Debug|iPhoneSimulator.ActiveCfg = Debug|Any CPU
		{9FBAE1F0-5581-44AC-AECE-0301F82A1432}.Debug|iPhoneSimulator.Build.0 = Debug|Any CPU
		{9FBAE1F0-5581-44AC-AECE-0301F82A1432}.Debug|iPhoneSimulator.Deploy.0 = Debug|Any CPU
		{9FBAE1F0-5581-44AC-AECE-0301F82A1432}.Debug|x64.ActiveCfg = Debug|Any CPU
		{9FBAE1F0-5581-44AC-AECE-0301F82A1432}.Debug|x64.Build.0 = Debug|Any CPU
		{9FBAE1F0-5581-44AC-AECE-0301F82A1432}.Debug|x64.Deploy.0 = Debug|Any CPU
		{9FBAE1F0-5581-44AC-AECE-0301F82A1432}.Debug|x86.ActiveCfg = Debug|Any CPU
		{9FBAE1F0-5581-44AC-AECE-0301F82A1432}.Debug|x86.Build.0 = Debug|Any CPU
		{9FBAE1F0-5581-44AC-AECE-0301F82A1432}.Debug|x86.Deploy.0 = Debug|Any CPU
		{9FBAE1F0-5581-44AC-AECE-0301F82A1432}.Release|Any CPU.ActiveCfg = Release|Any CPU
		{9FBAE1F0-5581-44AC-AECE-0301F82A1432}.Release|Any CPU.Build.0 = Release|Any CPU
		{9FBAE1F0-5581-44AC-AECE-0301F82A1432}.Release|Any CPU.Deploy.0 = Release|Any CPU
		{9FBAE1F0-5581-44AC-AECE-0301F82A1432}.Release|ARM.ActiveCfg = Release|Any CPU
		{9FBAE1F0-5581-44AC-AECE-0301F82A1432}.Release|ARM.Build.0 = Release|Any CPU
		{9FBAE1F0-5581-44AC-AECE-0301F82A1432}.Release|ARM.Deploy.0 = Release|Any CPU
		{9FBAE1F0-5581-44AC-AECE-0301F82A1432}.Release|iPhone.ActiveCfg = Release|Any CPU
		{9FBAE1F0-5581-44AC-AECE-0301F82A1432}.Release|iPhone.Build.0 = Release|Any CPU
		{9FBAE1F0-5581-44AC-AECE-0301F82A1432}.Release|iPhone.Deploy.0 = Release|Any CPU
		{9FBAE1F0-5581-44AC-AECE-0301F82A1432}.Release|iPhoneSimulator.ActiveCfg = Release|Any CPU
		{9FBAE1F0-5581-44AC-AECE-0301F82A1432}.Release|iPhoneSimulator.Build.0 = Release|Any CPU
		{9FBAE1F0-5581-44AC-AECE-0301F82A1432}.Release|iPhoneSimulator.Deploy.0 = Release|Any CPU
		{9FBAE1F0-5581-44AC-AECE-0301F82A1432}.Release|x64.ActiveCfg = Release|Any CPU
		{9FBAE1F0-5581-44AC-AECE-0301F82A1432}.Release|x64.Build.0 = Release|Any CPU
		{9FBAE1F0-5581-44AC-AECE-0301F82A1432}.Release|x64.Deploy.0 = Release|Any CPU
		{9FBAE1F0-5581-44AC-AECE-0301F82A1432}.Release|x86.ActiveCfg = Release|Any CPU
		{9FBAE1F0-5581-44AC-AECE-0301F82A1432}.Release|x86.Build.0 = Release|Any CPU
		{9FBAE1F0-5581-44AC-AECE-0301F82A1432}.Release|x86.Deploy.0 = Release|Any CPU
		{FAF3E7A9-D3C8-48A3-95B6-3FB663EE5318}.Ad-Hoc|Any CPU.ActiveCfg = Ad-Hoc|iPhone
		{FAF3E7A9-D3C8-48A3-95B6-3FB663EE5318}.Ad-Hoc|ARM.ActiveCfg = Ad-Hoc|iPhone
		{FAF3E7A9-D3C8-48A3-95B6-3FB663EE5318}.Ad-Hoc|iPhone.ActiveCfg = Ad-Hoc|iPhone
		{FAF3E7A9-D3C8-48A3-95B6-3FB663EE5318}.Ad-Hoc|iPhone.Build.0 = Ad-Hoc|iPhone
		{FAF3E7A9-D3C8-48A3-95B6-3FB663EE5318}.Ad-Hoc|iPhoneSimulator.ActiveCfg = Ad-Hoc|iPhoneSimulator
		{FAF3E7A9-D3C8-48A3-95B6-3FB663EE5318}.Ad-Hoc|iPhoneSimulator.Build.0 = Ad-Hoc|iPhoneSimulator
		{FAF3E7A9-D3C8-48A3-95B6-3FB663EE5318}.Ad-Hoc|x64.ActiveCfg = Ad-Hoc|iPhone
		{FAF3E7A9-D3C8-48A3-95B6-3FB663EE5318}.Ad-Hoc|x86.ActiveCfg = Ad-Hoc|iPhone
		{FAF3E7A9-D3C8-48A3-95B6-3FB663EE5318}.AppStore|Any CPU.ActiveCfg = AppStore|iPhone
		{FAF3E7A9-D3C8-48A3-95B6-3FB663EE5318}.AppStore|ARM.ActiveCfg = AppStore|iPhone
		{FAF3E7A9-D3C8-48A3-95B6-3FB663EE5318}.AppStore|iPhone.ActiveCfg = AppStore|iPhone
		{FAF3E7A9-D3C8-48A3-95B6-3FB663EE5318}.AppStore|iPhone.Build.0 = AppStore|iPhone
		{FAF3E7A9-D3C8-48A3-95B6-3FB663EE5318}.AppStore|iPhoneSimulator.ActiveCfg = AppStore|iPhoneSimulator
		{FAF3E7A9-D3C8-48A3-95B6-3FB663EE5318}.AppStore|iPhoneSimulator.Build.0 = AppStore|iPhoneSimulator
		{FAF3E7A9-D3C8-48A3-95B6-3FB663EE5318}.AppStore|x64.ActiveCfg = AppStore|iPhone
		{FAF3E7A9-D3C8-48A3-95B6-3FB663EE5318}.AppStore|x86.ActiveCfg = AppStore|iPhone
		{FAF3E7A9-D3C8-48A3-95B6-3FB663EE5318}.Debug|Any CPU.ActiveCfg = Debug|iPhone
		{FAF3E7A9-D3C8-48A3-95B6-3FB663EE5318}.Debug|ARM.ActiveCfg = Debug|iPhone
		{FAF3E7A9-D3C8-48A3-95B6-3FB663EE5318}.Debug|iPhone.ActiveCfg = Debug|iPhone
		{FAF3E7A9-D3C8-48A3-95B6-3FB663EE5318}.Debug|iPhone.Build.0 = Debug|iPhone
		{FAF3E7A9-D3C8-48A3-95B6-3FB663EE5318}.Debug|iPhoneSimulator.ActiveCfg = Debug|iPhoneSimulator
		{FAF3E7A9-D3C8-48A3-95B6-3FB663EE5318}.Debug|iPhoneSimulator.Build.0 = Debug|iPhoneSimulator
		{FAF3E7A9-D3C8-48A3-95B6-3FB663EE5318}.Debug|x64.ActiveCfg = Debug|iPhone
		{FAF3E7A9-D3C8-48A3-95B6-3FB663EE5318}.Debug|x86.ActiveCfg = Debug|iPhone
		{FAF3E7A9-D3C8-48A3-95B6-3FB663EE5318}.Release|Any CPU.ActiveCfg = Release|iPhone
		{FAF3E7A9-D3C8-48A3-95B6-3FB663EE5318}.Release|ARM.ActiveCfg = Release|iPhone
		{FAF3E7A9-D3C8-48A3-95B6-3FB663EE5318}.Release|iPhone.ActiveCfg = Release|iPhone
		{FAF3E7A9-D3C8-48A3-95B6-3FB663EE5318}.Release|iPhone.Build.0 = Release|iPhone
		{FAF3E7A9-D3C8-48A3-95B6-3FB663EE5318}.Release|iPhoneSimulator.ActiveCfg = Release|iPhoneSimulator
		{FAF3E7A9-D3C8-48A3-95B6-3FB663EE5318}.Release|iPhoneSimulator.Build.0 = Release|iPhoneSimulator
		{FAF3E7A9-D3C8-48A3-95B6-3FB663EE5318}.Release|x64.ActiveCfg = Release|iPhone
		{FAF3E7A9-D3C8-48A3-95B6-3FB663EE5318}.Release|x86.ActiveCfg = Release|iPhone
		{953E883A-0D06-4C11-BED9-735D87D3B087}.Ad-Hoc|Any CPU.ActiveCfg = Release|x86
		{953E883A-0D06-4C11-BED9-735D87D3B087}.Ad-Hoc|Any CPU.Build.0 = Release|x86
		{953E883A-0D06-4C11-BED9-735D87D3B087}.Ad-Hoc|Any CPU.Deploy.0 = Release|x86
		{953E883A-0D06-4C11-BED9-735D87D3B087}.Ad-Hoc|ARM.ActiveCfg = Release|ARM
		{953E883A-0D06-4C11-BED9-735D87D3B087}.Ad-Hoc|ARM.Build.0 = Release|ARM
		{953E883A-0D06-4C11-BED9-735D87D3B087}.Ad-Hoc|ARM.Deploy.0 = Release|ARM
		{953E883A-0D06-4C11-BED9-735D87D3B087}.Ad-Hoc|iPhone.ActiveCfg = Release|x86
		{953E883A-0D06-4C11-BED9-735D87D3B087}.Ad-Hoc|iPhone.Build.0 = Release|x86
		{953E883A-0D06-4C11-BED9-735D87D3B087}.Ad-Hoc|iPhone.Deploy.0 = Release|x86
		{953E883A-0D06-4C11-BED9-735D87D3B087}.Ad-Hoc|iPhoneSimulator.ActiveCfg = Release|x86
		{953E883A-0D06-4C11-BED9-735D87D3B087}.Ad-Hoc|iPhoneSimulator.Build.0 = Release|x86
		{953E883A-0D06-4C11-BED9-735D87D3B087}.Ad-Hoc|iPhoneSimulator.Deploy.0 = Release|x86
		{953E883A-0D06-4C11-BED9-735D87D3B087}.Ad-Hoc|x64.ActiveCfg = Release|x64
		{953E883A-0D06-4C11-BED9-735D87D3B087}.Ad-Hoc|x64.Build.0 = Release|x64
		{953E883A-0D06-4C11-BED9-735D87D3B087}.Ad-Hoc|x64.Deploy.0 = Release|x64
		{953E883A-0D06-4C11-BED9-735D87D3B087}.Ad-Hoc|x86.ActiveCfg = Release|x86
		{953E883A-0D06-4C11-BED9-735D87D3B087}.Ad-Hoc|x86.Build.0 = Release|x86
		{953E883A-0D06-4C11-BED9-735D87D3B087}.Ad-Hoc|x86.Deploy.0 = Release|x86
		{953E883A-0D06-4C11-BED9-735D87D3B087}.AppStore|Any CPU.ActiveCfg = Release|x86
		{953E883A-0D06-4C11-BED9-735D87D3B087}.AppStore|Any CPU.Build.0 = Release|x86
		{953E883A-0D06-4C11-BED9-735D87D3B087}.AppStore|Any CPU.Deploy.0 = Release|x86
		{953E883A-0D06-4C11-BED9-735D87D3B087}.AppStore|ARM.ActiveCfg = Release|ARM
		{953E883A-0D06-4C11-BED9-735D87D3B087}.AppStore|ARM.Build.0 = Release|ARM
		{953E883A-0D06-4C11-BED9-735D87D3B087}.AppStore|ARM.Deploy.0 = Release|ARM
		{953E883A-0D06-4C11-BED9-735D87D3B087}.AppStore|iPhone.ActiveCfg = Release|x86
		{953E883A-0D06-4C11-BED9-735D87D3B087}.AppStore|iPhone.Build.0 = Release|x86
		{953E883A-0D06-4C11-BED9-735D87D3B087}.AppStore|iPhone.Deploy.0 = Release|x86
		{953E883A-0D06-4C11-BED9-735D87D3B087}.AppStore|iPhoneSimulator.ActiveCfg = Release|x86
		{953E883A-0D06-4C11-BED9-735D87D3B087}.AppStore|iPhoneSimulator.Build.0 = Release|x86
		{953E883A-0D06-4C11-BED9-735D87D3B087}.AppStore|iPhoneSimulator.Deploy.0 = Release|x86
		{953E883A-0D06-4C11-BED9-735D87D3B087}.AppStore|x64.ActiveCfg = Release|x64
		{953E883A-0D06-4C11-BED9-735D87D3B087}.AppStore|x64.Build.0 = Release|x64
		{953E883A-0D06-4C11-BED9-735D87D3B087}.AppStore|x64.Deploy.0 = Release|x64
		{953E883A-0D06-4C11-BED9-735D87D3B087}.AppStore|x86.ActiveCfg = Release|x86
		{953E883A-0D06-4C11-BED9-735D87D3B087}.AppStore|x86.Build.0 = Release|x86
		{953E883A-0D06-4C11-BED9-735D87D3B087}.AppStore|x86.Deploy.0 = Release|x86
		{953E883A-0D06-4C11-BED9-735D87D3B087}.Debug|Any CPU.ActiveCfg = Debug|x86
		{953E883A-0D06-4C11-BED9-735D87D3B087}.Debug|ARM.ActiveCfg = Debug|ARM
		{953E883A-0D06-4C11-BED9-735D87D3B087}.Debug|ARM.Build.0 = Debug|ARM
		{953E883A-0D06-4C11-BED9-735D87D3B087}.Debug|ARM.Deploy.0 = Debug|ARM
		{953E883A-0D06-4C11-BED9-735D87D3B087}.Debug|iPhone.ActiveCfg = Debug|x86
		{953E883A-0D06-4C11-BED9-735D87D3B087}.Debug|iPhoneSimulator.ActiveCfg = Debug|x86
		{953E883A-0D06-4C11-BED9-735D87D3B087}.Debug|x64.ActiveCfg = Debug|x64
		{953E883A-0D06-4C11-BED9-735D87D3B087}.Debug|x64.Build.0 = Debug|x64
		{953E883A-0D06-4C11-BED9-735D87D3B087}.Debug|x64.Deploy.0 = Debug|x64
		{953E883A-0D06-4C11-BED9-735D87D3B087}.Debug|x86.ActiveCfg = Debug|x86
		{953E883A-0D06-4C11-BED9-735D87D3B087}.Debug|x86.Build.0 = Debug|x86
		{953E883A-0D06-4C11-BED9-735D87D3B087}.Debug|x86.Deploy.0 = Debug|x86
		{953E883A-0D06-4C11-BED9-735D87D3B087}.Release|Any CPU.ActiveCfg = Release|x86
		{953E883A-0D06-4C11-BED9-735D87D3B087}.Release|ARM.ActiveCfg = Release|ARM
		{953E883A-0D06-4C11-BED9-735D87D3B087}.Release|ARM.Build.0 = Release|ARM
		{953E883A-0D06-4C11-BED9-735D87D3B087}.Release|ARM.Deploy.0 = Release|ARM
		{953E883A-0D06-4C11-BED9-735D87D3B087}.Release|iPhone.ActiveCfg = Release|x86
		{953E883A-0D06-4C11-BED9-735D87D3B087}.Release|iPhoneSimulator.ActiveCfg = Release|x86
		{953E883A-0D06-4C11-BED9-735D87D3B087}.Release|x64.ActiveCfg = Release|x64
		{953E883A-0D06-4C11-BED9-735D87D3B087}.Release|x64.Build.0 = Release|x64
		{953E883A-0D06-4C11-BED9-735D87D3B087}.Release|x64.Deploy.0 = Release|x64
		{953E883A-0D06-4C11-BED9-735D87D3B087}.Release|x86.ActiveCfg = Release|x86
		{953E883A-0D06-4C11-BED9-735D87D3B087}.Release|x86.Build.0 = Release|x86
		{953E883A-0D06-4C11-BED9-735D87D3B087}.Release|x86.Deploy.0 = Release|x86
	EndGlobalSection
	GlobalSection(SolutionProperties) = preSolution
		HideSolutionNode = FALSE
	EndGlobalSection
	GlobalSection(ExtensibilityGlobals) = postSolution
		SolutionGuid = {5338D430-2A71-4072-995A-2FD7FD575504}
	EndGlobalSection
EndGlobal
