
Microsoft Visual Studio Solution File, Format Version 12.00
# Visual Studio Version 16
VisualStudioVersion = 16.0.29201.188
MinimumVisualStudioVersion = 10.0.40219.1
Project("{FAE04EC0-301F-11D3-BF4B-00C04F79EFBC}") = "MyVet.Common", "MyVet.Commont\MyVet.Common.csproj", "{45618FDA-3961-4739-9E5D-AC194F673202}"
EndProject
Project("{FAE04EC0-301F-11D3-BF4B-00C04F79EFBC}") = "MyVet.Web", "MyVet.Web\MyVet.Web.csproj", "{9D6F55A7-C352-4E5C-8849-9CA40105D661}"
EndProject
Global
	GlobalSection(SolutionConfigurationPlatforms) = preSolution
		Debug|Any CPU = Debug|Any CPU
		Release|Any CPU = Release|Any CPU
	EndGlobalSection
	GlobalSection(ProjectConfigurationPlatforms) = postSolution
		{45618FDA-3961-4739-9E5D-AC194F673202}.Debug|Any CPU.ActiveCfg = Debug|Any CPU
		{45618FDA-3961-4739-9E5D-AC194F673202}.Debug|Any CPU.Build.0 = Debug|Any CPU
		{45618FDA-3961-4739-9E5D-AC194F673202}.Release|Any CPU.ActiveCfg = Release|Any CPU
		{45618FDA-3961-4739-9E5D-AC194F673202}.Release|Any CPU.Build.0 = Release|Any CPU
		{9D6F55A7-C352-4E5C-8849-9CA40105D661}.Debug|Any CPU.ActiveCfg = Debug|Any CPU
		{9D6F55A7-C352-4E5C-8849-9CA40105D661}.Debug|Any CPU.Build.0 = Debug|Any CPU
		{9D6F55A7-C352-4E5C-8849-9CA40105D661}.Release|Any CPU.ActiveCfg = Release|Any CPU
		{9D6F55A7-C352-4E5C-8849-9CA40105D661}.Release|Any CPU.Build.0 = Release|Any CPU
	EndGlobalSection
	GlobalSection(SolutionProperties) = preSolution
		HideSolutionNode = FALSE
	EndGlobalSection
	GlobalSection(ExtensibilityGlobals) = postSolution
		SolutionGuid = {5338D430-2A71-4072-995A-2FD7FD575504}
	EndGlobalSection
EndGlobal
